// !$*UTF8*$!
{
	archiveVersion = 1;
	classes = {
	};
	objectVersion = 46;
	objects = {

/* Begin PBXBuildFile section */
		3B1FA2DA1BB6267700F3A596 /* AppDelegate.swift in Sources */ = {isa = PBXBuildFile; fileRef = 3B1FA2D91BB6267700F3A596 /* AppDelegate.swift */; };
		3B1FA2DC1BB6267700F3A596 /* Assets.xcassets in Resources */ = {isa = PBXBuildFile; fileRef = 3B1FA2DB1BB6267700F3A596 /* Assets.xcassets */; };
		3B1FA2DF1BB6267700F3A596 /* MainMenu.xib in Resources */ = {isa = PBXBuildFile; fileRef = 3B1FA2DD1BB6267700F3A596 /* MainMenu.xib */; };
		3B1FA2E71BB6268E00F3A596 /* MediaApplication.swift in Sources */ = {isa = PBXBuildFile; fileRef = 3B1FA2E61BB6268E00F3A596 /* MediaApplication.swift */; settings = {ASSET_TAGS = (); }; };
		3BE1B4B01BB783A8000BA403 /* ApplicationHandler.swift in Sources */ = {isa = PBXBuildFile; fileRef = 3BE1B4AF1BB783A8000BA403 /* ApplicationHandler.swift */; settings = {ASSET_TAGS = (); }; };
/* End PBXBuildFile section */

/* Begin PBXFileReference section */
		3B1FA2D61BB6267700F3A596 /* SwiftMediaPlayer.app */ = {isa = PBXFileReference; explicitFileType = wrapper.application; includeInIndex = 0; path = SwiftMediaPlayer.app; sourceTree = BUILT_PRODUCTS_DIR; };
		3B1FA2D91BB6267700F3A596 /* AppDelegate.swift */ = {isa = PBXFileReference; lastKnownFileType = sourcecode.swift; path = AppDelegate.swift; sourceTree = "<group>"; };
		3B1FA2DB1BB6267700F3A596 /* Assets.xcassets */ = {isa = PBXFileReference; lastKnownFileType = folder.assetcatalog; path = Assets.xcassets; sourceTree = "<group>"; };
		3B1FA2DE1BB6267700F3A596 /* Base */ = {isa = PBXFileReference; lastKnownFileType = file.xib; name = Base; path = Base.lproj/MainMenu.xib; sourceTree = "<group>"; };
		3B1FA2E01BB6267700F3A596 /* Info.plist */ = {isa = PBXFileReference; lastKnownFileType = text.plist.xml; path = Info.plist; sourceTree = "<group>"; };
		3B1FA2E61BB6268E00F3A596 /* MediaApplication.swift */ = {isa = PBXFileReference; fileEncoding = 4; lastKnownFileType = sourcecode.swift; path = MediaApplication.swift; sourceTree = "<group>"; };
		3BE1B4AF1BB783A8000BA403 /* ApplicationHandler.swift */ = {isa = PBXFileReference; fileEncoding = 4; lastKnownFileType = sourcecode.swift; path = ApplicationHandler.swift; sourceTree = "<group>"; };
/* End PBXFileReference section */

/* Begin PBXFrameworksBuildPhase section */
		3B1FA2D31BB6267700F3A596 /* Frameworks */ = {
			isa = PBXFrameworksBuildPhase;
			buildActionMask = 2147483647;
			files = (
			);
			runOnlyForDeploymentPostprocessing = 0;
		};
/* End PBXFrameworksBuildPhase section */

/* Begin PBXGroup section */
		3B1FA2CD1BB6267700F3A596 = {
			isa = PBXGroup;
			children = (
				3B1FA2D81BB6267700F3A596 /* SwiftMediaPlayer */,
				3B1FA2D71BB6267700F3A596 /* Products */,
			);
			sourceTree = "<group>";
		};
		3B1FA2D71BB6267700F3A596 /* Products */ = {
			isa = PBXGroup;
			children = (
				3B1FA2D61BB6267700F3A596 /* SwiftMediaPlayer.app */,
			);
			name = Products;
			sourceTree = "<group>";
		};
		3B1FA2D81BB6267700F3A596 /* SwiftMediaPlayer */ = {
			isa = PBXGroup;
			children = (
				3B1FA2D91BB6267700F3A596 /* AppDelegate.swift */,
				3B1FA2DB1BB6267700F3A596 /* Assets.xcassets */,
				3B1FA2DD1BB6267700F3A596 /* MainMenu.xib */,
				3B1FA2E01BB6267700F3A596 /* Info.plist */,
				3B1FA2E61BB6268E00F3A596 /* MediaApplication.swift */,
				3BE1B4AF1BB783A8000BA403 /* ApplicationHandler.swift */,
			);
			path = SwiftMediaPlayer;
			sourceTree = "<group>";
		};
/* End PBXGroup section */

/* Begin PBXNativeTarget section */
		3B1FA2D51BB6267700F3A596 /* SwiftMediaPlayer */ = {
			isa = PBXNativeTarget;
			buildConfigurationList = 3B1FA2E31BB6267700F3A596 /* Build configuration list for PBXNativeTarget "SwiftMediaPlayer" */;
			buildPhases = (
				3B1FA2D21BB6267700F3A596 /* Sources */,
				3B1FA2D31BB6267700F3A596 /* Frameworks */,
				3B1FA2D41BB6267700F3A596 /* Resources */,
			);
			buildRules = (
			);
			dependencies = (
			);
			name = SwiftMediaPlayer;
			productName = SwiftMediaPlayer;
			productReference = 3B1FA2D61BB6267700F3A596 /* SwiftMediaPlayer.app */;
			productType = "com.apple.product-type.application";
		};
/* End PBXNativeTarget section */

/* Begin PBXProject section */
		3B1FA2CE1BB6267700F3A596 /* Project object */ = {
			isa = PBXProject;
			attributes = {
				LastUpgradeCheck = 0700;
				ORGANIZATIONNAME = "Chris Rees";
				TargetAttributes = {
					3B1FA2D51BB6267700F3A596 = {
						CreatedOnToolsVersion = 7.0;
					};
				};
			};
			buildConfigurationList = 3B1FA2D11BB6267700F3A596 /* Build configuration list for PBXProject "SwiftMediaPlayer" */;
			compatibilityVersion = "Xcode 3.2";
			developmentRegion = English;
			hasScannedForEncodings = 0;
			knownRegions = (
				en,
				Base,
			);
			mainGroup = 3B1FA2CD1BB6267700F3A596;
			productRefGroup = 3B1FA2D71BB6267700F3A596 /* Products */;
			projectDirPath = "";
			projectRoot = "";
			targets = (
				3B1FA2D51BB6267700F3A596 /* SwiftMediaPlayer */,
			);
		};
/* End PBXProject section */

/* Begin PBXResourcesBuildPhase section */
		3B1FA2D41BB6267700F3A596 /* Resources */ = {
			isa = PBXResourcesBuildPhase;
			buildActionMask = 2147483647;
			files = (
				3B1FA2DC1BB6267700F3A596 /* Assets.xcassets in Resources */,
				3B1FA2DF1BB6267700F3A596 /* MainMenu.xib in Resources */,
			);
			runOnlyForDeploymentPostprocessing = 0;
		};
/* End PBXResourcesBuildPhase section */

/* Begin PBXSourcesBuildPhase section */
		3B1FA2D21BB6267700F3A596 /* Sources */ = {
			isa = PBXSourcesBuildPhase;
			buildActionMask = 2147483647;
			files = (
				3BE1B4B01BB783A8000BA403 /* ApplicationHandler.swift in Sources */,
				3B1FA2DA1BB6267700F3A596 /* AppDelegate.swift in Sources */,
				3B1FA2E71BB6268E00F3A596 /* MediaApplication.swift in Sources */,
			);
			runOnlyForDeploymentPostprocessing = 0;
		};
/* End PBXSourcesBuildPhase section */

/* Begin PBXVariantGroup section */
		3B1FA2DD1BB6267700F3A596 /* MainMenu.xib */ = {
			isa = PBXVariantGroup;
			children = (
				3B1FA2DE1BB6267700F3A596 /* Base */,
			);
			name = MainMenu.xib;
			sourceTree = "<group>";
		};
/* End PBXVariantGroup section */

/* Begin XCBuildConfiguration section */
		3B1FA2E11BB6267700F3A596 /* Debug */ = {
			isa = XCBuildConfiguration;
			buildSettings = {
				ALWAYS_SEARCH_USER_PATHS = NO;
				CLANG_CXX_LANGUAGE_STANDARD = "gnu++0x";
				CLANG_CXX_LIBRARY = "libc++";
				CLANG_ENABLE_MODULES = YES;
				CLANG_ENABLE_OBJC_ARC = YES;
				CLANG_WARN_BOOL_CONVERSION = YES;
				CLANG_WARN_CONSTANT_CONVERSION = YES;
				CLANG_WARN_DIRECT_OBJC_ISA_USAGE = YES_ERROR;
				CLANG_WARN_EMPTY_BODY = YES;
				CLANG_WARN_ENUM_CONVERSION = YES;
				CLANG_WARN_INT_CONVERSION = YES;
				CLANG_WARN_OBJC_ROOT_CLASS = YES_ERROR;
				CLANG_WARN_UNREACHABLE_CODE = YES;
				CLANG_WARN__DUPLICATE_METHOD_MATCH = YES;
				CODE_SIGN_IDENTITY = "-";
				COPY_PHASE_STRIP = NO;
				DEBUG_INFORMATION_FORMAT = dwarf;
				ENABLE_STRICT_OBJC_MSGSEND = YES;
				ENABLE_TESTABILITY = YES;
				GCC_C_LANGUAGE_STANDARD = gnu99;
				GCC_DYNAMIC_NO_PIC = NO;
				GCC_NO_COMMON_BLOCKS = YES;
				GCC_OPTIMIZATION_LEVEL = 0;
				GCC_PREPROCESSOR_DEFINITIONS = (
					"DEBUG=1",
					"$(inherited)",
				);
				GCC_WARN_64_TO_32_BIT_CONVERSION = YES;
				GCC_WARN_ABOUT_RETURN_TYPE = YES_ERROR;
				GCC_WARN_UNDECLARED_SELECTOR = YES;
				GCC_WARN_UNINITIALIZED_AUTOS = YES_AGGRESSIVE;
				GCC_WARN_UNUSED_FUNCTION = YES;
				GCC_WARN_UNUSED_VARIABLE = YES;
				MACOSX_DEPLOYMENT_TARGET = 10.10;
				MTL_ENABLE_DEBUG_INFO = YES;
				ONLY_ACTIVE_ARCH = YES;
				SDKROOT = macosx;
				SWIFT_OPTIMIZATION_LEVEL = "-Onone";
			};
			name = Debug;
		};
		3B1FA2E21BB6267700F3A596 /* Release */ = {
			isa = XCBuildConfiguration;
			buildSettings = {
				ALWAYS_SEARCH_USER_PATHS = NO;
				CLANG_CXX_LANGUAGE_STANDARD = "gnu++0x";
				CLANG_CXX_LIBRARY = "libc++";
				CLANG_ENABLE_MODULES = YES;
				CLANG_ENABLE_OBJC_ARC = YES;
				CLANG_WARN_BOOL_CONVERSION = YES;
				CLANG_WARN_CONSTANT_CONVERSION = YES;
				CLANG_WARN_DIRECT_OBJC_ISA_USAGE = YES_ERROR;
				CLANG_WARN_EMPTY_BODY = YES;
				CLANG_WARN_ENUM_CONVERSION = YES;
				CLANG_WARN_INT_CONVERSION = YES;
				CLANG_WARN_OBJC_ROOT_CLASS = YES_ERROR;
				CLANG_WARN_UNREACHABLE_CODE = YES;
				CLANG_WARN__DUPLICATE_METHOD_MATCH = YES;
				CODE_SIGN_IDENTITY = "-";
				COPY_PHASE_STRIP = NO;
				DEBUG_INFORMATION_FORMAT = "dwarf-with-dsym";
				ENABLE_NS_ASSERTIONS = NO;
				ENABLE_STRICT_OBJC_MSGSEND = YES;
				GCC_C_LANGUAGE_STANDARD = gnu99;
				GCC_NO_COMMON_BLOCKS = YES;
				GCC_WARN_64_TO_32_BIT_CONVERSION = YES;
				GCC_WARN_ABOUT_RETURN_TYPE = YES_ERROR;
				GCC_WARN_UNDECLARED_SELECTOR = YES;
				GCC_WARN_UNINITIALIZED_AUTOS = YES_AGGRESSIVE;
				GCC_WARN_UNUSED_FUNCTION = YES;
				GCC_WARN_UNUSED_VARIABLE = YES;
				MACOSX_DEPLOYMENT_TARGET = 10.10;
				MTL_ENABLE_DEBUG_INFO = NO;
				SDKROOT = macosx;
			};
			name = Release;
		};
		3B1FA2E41BB6267700F3A596 /* Debug */ = {
			isa = XCBuildConfiguration;
			buildSettings = {
				ASSETCATALOG_COMPILER_APPICON_NAME = AppIcon;
				COMBINE_HIDPI_IMAGES = YES;
				INFOPLIST_FILE = SwiftMediaPlayer/Info.plist;
				LD_RUNPATH_SEARCH_PATHS = "$(inherited) @executable_path/../Frameworks";
				PRODUCT_BUNDLE_IDENTIFIER = com.sernprogramming.SwiftMediaPlayer;
				PRODUCT_NAME = "$(TARGET_NAME)";
			};
			name = Debug;
		};
		3B1FA2E51BB6267700F3A596 /* Release */ = {
			isa = XCBuildConfiguration;
			buildSettings = {
				ASSETCATALOG_COMPILER_APPICON_NAME = AppIcon;
				COMBINE_HIDPI_IMAGES = YES;
				INFOPLIST_FILE = SwiftMediaPlayer/Info.plist;
				LD_RUNPATH_SEARCH_PATHS = "$(inherited) @executable_path/../Frameworks";
				PRODUCT_BUNDLE_IDENTIFIER = com.sernprogramming.SwiftMediaPlayer;
				PRODUCT_NAME = "$(TARGET_NAME)";
			};
			name = Release;
		};
/* End XCBuildConfiguration section */

/* Begin XCConfigurationList section */
		3B1FA2D11BB6267700F3A596 /* Build configuration list for PBXProject "SwiftMediaPlayer" */ = {
			isa = XCConfigurationList;
			buildConfigurations = (
				3B1FA2E11BB6267700F3A596 /* Debug */,
				3B1FA2E21BB6267700F3A596 /* Release */,
			);
			defaultConfigurationIsVisible = 0;
			defaultConfigurationName = Release;
		};
		3B1FA2E31BB6267700F3A596 /* Build configuration list for PBXNativeTarget "SwiftMediaPlayer" */ = {
			isa = XCConfigurationList;
			buildConfigurations = (
				3B1FA2E41BB6267700F3A596 /* Debug */,
				3B1FA2E51BB6267700F3A596 /* Release */,
			);
			defaultConfigurationIsVisible = 0;
			defaultConfigurationName = Release;
		};
/* End XCConfigurationList section */
	};
	rootObject = 3B1FA2CE1BB6267700F3A596 /* Project object */;
}
